Microsoft Visual Studio Solution File, Format Version 12.00
# Visual Studio Version 17
VisualStudioVersion = 17.5.2.0
MinimumVisualStudioVersion = 10.0.40219.1
Project("{FAE04EC0-301F-11D3-BF4B-00C04F79EFBC}") = "top_savushkin", "top_savushkin.csproj", "{D4A51837-9B59-9BBE-656A-F618B05349BF}"
EndProject
Global
	GlobalSection(SolutionConfigurationPlatforms) = preSolution
		Debug|Any CPU = Debug|Any CPU
		Release|Any CPU = Release|Any CPU
	EndGlobalSection
	GlobalSection(ProjectConfigurationPlatforms) = postSolution
		{D4A51837-9B59-9BBE-656A-F618B05349BF}.Debug|Any CPU.ActiveCfg = Debug|Any CPU
		{D4A51837-9B59-9BBE-656A-F618B05349BF}.Debug|Any CPU.Build.0 = Debug|Any CPU
		{D4A51837-9B59-9BBE-656A-F618B05349BF}.Release|Any CPU.ActiveCfg = Release|Any CPU
		{D4A51837-9B59-9BBE-656A-F618B05349BF}.Release|Any CPU.Build.0 = Release|Any CPU
	EndGlobalSection
	GlobalSection(SolutionProperties) = preSolution
		HideSolutionNode = FALSE
	EndGlobalSection
	GlobalSection(ExtensibilityGlobals) = postSolution
		SolutionGuid = {A4E873E5-5628-4A21-9AA3-910105CE46A1}
	EndGlobalSection
EndGlobal
